// !$*UTF8*$!
{
	archiveVersion = 1;
	classes = {
	};
	objectVersion = 48;
	objects = {

/* Begin PBXBuildFile section */
		D0A44B73204D0EFE0097EC6B /* main.cpp in Sources */ = {isa = PBXBuildFile; fileRef = D0A44B72204D0EFE0097EC6B /* main.cpp */; };
		D0BDD2D62065BD6700D7702E /* GameEngine.cpp in Sources */ = {isa = PBXBuildFile; fileRef = D0BDD2C32065BD6600D7702E /* GameEngine.cpp */; };
		D0BDD2D72065BD6700D7702E /* BoundingBox.cpp in Sources */ = {isa = PBXBuildFile; fileRef = D0BDD2C72065BD6600D7702E /* BoundingBox.cpp */; };
		D0BDD2D82065BD6700D7702E /* CollisionDetectionNP.cpp in Sources */ = {isa = PBXBuildFile; fileRef = D0BDD2CB2065BD6600D7702E /* CollisionDetectionNP.cpp */; };
		D0BDD2D92065BD6700D7702E /* OBJObject.cpp in Sources */ = {isa = PBXBuildFile; fileRef = D0BDD2CC2065BD6600D7702E /* OBJObject.cpp */; };
		D0BDD2DA2065BD6700D7702E /* shader.cpp in Sources */ = {isa = PBXBuildFile; fileRef = D0BDD2CD2065BD6600D7702E /* shader.cpp */; };
		D0BDD2DB2065BD6700D7702E /* Particles.cpp in Sources */ = {isa = PBXBuildFile; fileRef = D0BDD2CE2065BD6600D7702E /* Particles.cpp */; };
		D0BDD2DC2065BD6700D7702E /* SkyBox.cpp in Sources */ = {isa = PBXBuildFile; fileRef = D0BDD2CF2065BD6700D7702E /* SkyBox.cpp */; };
		D0BDD2DD2065BD6700D7702E /* Window.cpp in Sources */ = {isa = PBXBuildFile; fileRef = D0BDD2D02065BD6700D7702E /* Window.cpp */; };
		D0BDD2DE2065BD6700D7702E /* SceneGraph.cpp in Sources */ = {isa = PBXBuildFile; fileRef = D0BDD2D52065BD6700D7702E /* SceneGraph.cpp */; };
		D0BDD2E12065BDCC00D7702E /* OpenGL.framework in Frameworks */ = {isa = PBXBuildFile; fileRef = D0BDD2E02065BDCC00D7702E /* OpenGL.framework */; };
		D0BDD2E32065BDF700D7702E /* libglfw.3.2.dylib in Frameworks */ = {isa = PBXBuildFile; fileRef = D0BDD2E22065BDF700D7702E /* libglfw.3.2.dylib */; };
/* End PBXBuildFile section */

/* Begin PBXCopyFilesBuildPhase section */
		D0A44B6D204D0EFE0097EC6B /* CopyFiles */ = {
			isa = PBXCopyFilesBuildPhase;
			buildActionMask = 2147483647;
			dstPath = /usr/share/man/man1/;
			dstSubfolderSpec = 0;
			files = (
			);
			runOnlyForDeploymentPostprocessing = 1;
		};
/* End PBXCopyFilesBuildPhase section */

/* Begin PBXFileReference section */
		D0A44B6F204D0EFE0097EC6B /* BumperCarSimulation */ = {isa = PBXFileReference; explicitFileType = "compiled.mach-o.executable"; includeInIndex = 0; path = BumperCarSimulation; sourceTree = BUILT_PRODUCTS_DIR; };
		D0A44B72204D0EFE0097EC6B /* main.cpp */ = {isa = PBXFileReference; lastKnownFileType = sourcecode.cpp.cpp; path = main.cpp; sourceTree = "<group>"; };
		D0BDD2BF2065BD5A00D7702E /* Objects */ = {isa = PBXFileReference; lastKnownFileType = folder; path = Objects; sourceTree = "<group>"; };
		D0BDD2C02065BD5A00D7702E /* Skybox */ = {isa = PBXFileReference; lastKnownFileType = folder; path = Skybox; sourceTree = "<group>"; };
		D0BDD2C12065BD5A00D7702E /* Shaders */ = {isa = PBXFileReference; lastKnownFileType = folder; path = Shaders; sourceTree = "<group>"; };
		D0BDD2C22065BD6600D7702E /* shader.hpp */ = {isa = PBXFileReference; fileEncoding = 4; lastKnownFileType = sourcecode.cpp.h; path = shader.hpp; sourceTree = "<group>"; };
		D0BDD2C32065BD6600D7702E /* GameEngine.cpp */ = {isa = PBXFileReference; fileEncoding = 4; lastKnownFileType = sourcecode.cpp.cpp; path = GameEngine.cpp; sourceTree = "<group>"; };
		D0BDD2C42065BD6600D7702E /* GameEngine.hpp */ = {isa = PBXFileReference; fileEncoding = 4; lastKnownFileType = sourcecode.cpp.h; path = GameEngine.hpp; sourceTree = "<group>"; };
		D0BDD2C52065BD6600D7702E /* CollisionDetectionNP.hpp */ = {isa = PBXFileReference; fileEncoding = 4; lastKnownFileType = sourcecode.cpp.h; path = CollisionDetectionNP.hpp; sourceTree = "<group>"; };
		D0BDD2C62065BD6600D7702E /* stb_image.h */ = {isa = PBXFileReference; fileEncoding = 4; lastKnownFileType = sourcecode.c.h; path = stb_image.h; sourceTree = "<group>"; };
		D0BDD2C72065BD6600D7702E /* BoundingBox.cpp */ = {isa = PBXFileReference; fileEncoding = 4; lastKnownFileType = sourcecode.cpp.cpp; path = BoundingBox.cpp; sourceTree = "<group>"; };
		D0BDD2C82065BD6600D7702E /* Window.hpp */ = {isa = PBXFileReference; fileEncoding = 4; lastKnownFileType = sourcecode.cpp.h; path = Window.hpp; sourceTree = "<group>"; };
		D0BDD2C92065BD6600D7702E /* BoundingBox.hpp */ = {isa = PBXFileReference; fileEncoding = 4; lastKnownFileType = sourcecode.cpp.h; path = BoundingBox.hpp; sourceTree = "<group>"; };
		D0BDD2CA2065BD6600D7702E /* Particles.hpp */ = {isa = PBXFileReference; fileEncoding = 4; lastKnownFileType = sourcecode.cpp.h; path = Particles.hpp; sourceTree = "<group>"; };
		D0BDD2CB2065BD6600D7702E /* CollisionDetectionNP.cpp */ = {isa = PBXFileReference; fileEncoding = 4; lastKnownFileType = sourcecode.cpp.cpp; path = CollisionDetectionNP.cpp; sourceTree = "<group>"; };
		D0BDD2CC2065BD6600D7702E /* OBJObject.cpp */ = {isa = PBXFileReference; fileEncoding = 4; lastKnownFileType = sourcecode.cpp.cpp; path = OBJObject.cpp; sourceTree = "<group>"; };
		D0BDD2CD2065BD6600D7702E /* shader.cpp */ = {isa = PBXFileReference; fileEncoding = 4; lastKnownFileType = sourcecode.cpp.cpp; path = shader.cpp; sourceTree = "<group>"; };
		D0BDD2CE2065BD6600D7702E /* Particles.cpp */ = {isa = PBXFileReference; fileEncoding = 4; lastKnownFileType = sourcecode.cpp.cpp; path = Particles.cpp; sourceTree = "<group>"; };
		D0BDD2CF2065BD6700D7702E /* SkyBox.cpp */ = {isa = PBXFileReference; fileEncoding = 4; lastKnownFileType = sourcecode.cpp.cpp; path = SkyBox.cpp; sourceTree = "<group>"; };
		D0BDD2D02065BD6700D7702E /* Window.cpp */ = {isa = PBXFileReference; fileEncoding = 4; lastKnownFileType = sourcecode.cpp.cpp; path = Window.cpp; sourceTree = "<group>"; };
		D0BDD2D12065BD6700D7702E /* main.hpp */ = {isa = PBXFileReference; fileEncoding = 4; lastKnownFileType = sourcecode.cpp.h; path = main.hpp; sourceTree = "<group>"; };
		D0BDD2D22065BD6700D7702E /* SceneGraph.hpp */ = {isa = PBXFileReference; fileEncoding = 4; lastKnownFileType = sourcecode.cpp.h; path = SceneGraph.hpp; sourceTree = "<group>"; };
		D0BDD2D32065BD6700D7702E /* OBJObject.hpp */ = {isa = PBXFileReference; fileEncoding = 4; lastKnownFileType = sourcecode.cpp.h; path = OBJObject.hpp; sourceTree = "<group>"; };
		D0BDD2D42065BD6700D7702E /* SkyBox.hpp */ = {isa = PBXFileReference; fileEncoding = 4; lastKnownFileType = sourcecode.cpp.h; path = SkyBox.hpp; sourceTree = "<group>"; };
		D0BDD2D52065BD6700D7702E /* SceneGraph.cpp */ = {isa = PBXFileReference; fileEncoding = 4; lastKnownFileType = sourcecode.cpp.cpp; path = SceneGraph.cpp; sourceTree = "<group>"; };
		D0BDD2E02065BDCC00D7702E /* OpenGL.framework */ = {isa = PBXFileReference; lastKnownFileType = wrapper.framework; name = OpenGL.framework; path = System/Library/Frameworks/OpenGL.framework; sourceTree = SDKROOT; };
		D0BDD2E22065BDF700D7702E /* libglfw.3.2.dylib */ = {isa = PBXFileReference; lastKnownFileType = "compiled.mach-o.dylib"; name = libglfw.3.2.dylib; path = ../../../../../../usr/local/Cellar/glfw/3.2.1/lib/libglfw.3.2.dylib; sourceTree = "<group>"; };
/* End PBXFileReference section */

/* Begin PBXFrameworksBuildPhase section */
		D0A44B6C204D0EFE0097EC6B /* Frameworks */ = {
			isa = PBXFrameworksBuildPhase;
			buildActionMask = 2147483647;
			files = (
				D0BDD2E32065BDF700D7702E /* libglfw.3.2.dylib in Frameworks */,
				D0BDD2E12065BDCC00D7702E /* OpenGL.framework in Frameworks */,
			);
			runOnlyForDeploymentPostprocessing = 0;
		};
/* End PBXFrameworksBuildPhase section */

/* Begin PBXGroup section */
		D0A44B66204D0EFE0097EC6B = {
			isa = PBXGroup;
			children = (
				D0BDD2BF2065BD5A00D7702E /* Objects */,
				D0BDD2C12065BD5A00D7702E /* Shaders */,
				D0BDD2C02065BD5A00D7702E /* Skybox */,
				D0A44B71204D0EFE0097EC6B /* BumperCarSimulation */,
				D0A44B70204D0EFE0097EC6B /* Products */,
				D0BDD2DF2065BDCC00D7702E /* Frameworks */,
			);
			sourceTree = "<group>";
		};
		D0A44B70204D0EFE0097EC6B /* Products */ = {
			isa = PBXGroup;
			children = (
				D0A44B6F204D0EFE0097EC6B /* BumperCarSimulation */,
			);
			name = Products;
			sourceTree = "<group>";
		};
		D0A44B71204D0EFE0097EC6B /* BumperCarSimulation */ = {
			isa = PBXGroup;
			children = (
				D0BDD2C72065BD6600D7702E /* BoundingBox.cpp */,
				D0BDD2C92065BD6600D7702E /* BoundingBox.hpp */,
				D0BDD2CB2065BD6600D7702E /* CollisionDetectionNP.cpp */,
				D0BDD2C52065BD6600D7702E /* CollisionDetectionNP.hpp */,
				D0BDD2C32065BD6600D7702E /* GameEngine.cpp */,
				D0BDD2C42065BD6600D7702E /* GameEngine.hpp */,
				D0BDD2D12065BD6700D7702E /* main.hpp */,
				D0BDD2CC2065BD6600D7702E /* OBJObject.cpp */,
				D0BDD2D32065BD6700D7702E /* OBJObject.hpp */,
				D0BDD2CE2065BD6600D7702E /* Particles.cpp */,
				D0BDD2CA2065BD6600D7702E /* Particles.hpp */,
				D0BDD2D52065BD6700D7702E /* SceneGraph.cpp */,
				D0BDD2D22065BD6700D7702E /* SceneGraph.hpp */,
				D0BDD2CD2065BD6600D7702E /* shader.cpp */,
				D0BDD2C22065BD6600D7702E /* shader.hpp */,
				D0BDD2CF2065BD6700D7702E /* SkyBox.cpp */,
				D0BDD2D42065BD6700D7702E /* SkyBox.hpp */,
				D0BDD2C62065BD6600D7702E /* stb_image.h */,
				D0BDD2D02065BD6700D7702E /* Window.cpp */,
				D0BDD2C82065BD6600D7702E /* Window.hpp */,
				D0A44B72204D0EFE0097EC6B /* main.cpp */,
			);
			path = BumperCarSimulation;
			sourceTree = "<group>";
		};
		D0BDD2DF2065BDCC00D7702E /* Frameworks */ = {
			isa = PBXGroup;
			children = (
				D0BDD2E22065BDF700D7702E /* libglfw.3.2.dylib */,
				D0BDD2E02065BDCC00D7702E /* OpenGL.framework */,
			);
			name = Frameworks;
			sourceTree = "<group>";
		};
/* End PBXGroup section */

/* Begin PBXNativeTarget section */
		D0A44B6E204D0EFE0097EC6B /* BumperCarSimulation */ = {
			isa = PBXNativeTarget;
			buildConfigurationList = D0A44B76204D0EFE0097EC6B /* Build configuration list for PBXNativeTarget "BumperCarSimulation" */;
			buildPhases = (
				D0A44B6B204D0EFE0097EC6B /* Sources */,
				D0A44B6C204D0EFE0097EC6B /* Frameworks */,
				D0A44B6D204D0EFE0097EC6B /* CopyFiles */,
			);
			buildRules = (
			);
			dependencies = (
			);
			name = BumperCarSimulation;
			productName = BumperCarSimulation;
			productReference = D0A44B6F204D0EFE0097EC6B /* BumperCarSimulation */;
			productType = "com.apple.product-type.tool";
		};
/* End PBXNativeTarget section */

/* Begin PBXProject section */
		D0A44B67204D0EFE0097EC6B /* Project object */ = {
			isa = PBXProject;
			attributes = {
				LastUpgradeCheck = 0920;
				ORGANIZATIONNAME = "William Ma & Peter Mai";
				TargetAttributes = {
					D0A44B6E204D0EFE0097EC6B = {
						CreatedOnToolsVersion = 9.2;
						ProvisioningStyle = Automatic;
					};
				};
			};
			buildConfigurationList = D0A44B6A204D0EFE0097EC6B /* Build configuration list for PBXProject "BumperCarSimulation" */;
			compatibilityVersion = "Xcode 8.0";
			developmentRegion = en;
			hasScannedForEncodings = 0;
			knownRegions = (
				en,
			);
			mainGroup = D0A44B66204D0EFE0097EC6B;
			productRefGroup = D0A44B70204D0EFE0097EC6B /* Products */;
			projectDirPath = "";
			projectRoot = "";
			targets = (
				D0A44B6E204D0EFE0097EC6B /* BumperCarSimulation */,
			);
		};
/* End PBXProject section */

/* Begin PBXSourcesBuildPhase section */
		D0A44B6B204D0EFE0097EC6B /* Sources */ = {
			isa = PBXSourcesBuildPhase;
			buildActionMask = 2147483647;
			files = (
				D0BDD2DA2065BD6700D7702E /* shader.cpp in Sources */,
				D0BDD2DE2065BD6700D7702E /* SceneGraph.cpp in Sources */,
				D0BDD2DB2065BD6700D7702E /* Particles.cpp in Sources */,
				D0BDD2D72065BD6700D7702E /* BoundingBox.cpp in Sources */,
				D0BDD2DC2065BD6700D7702E /* SkyBox.cpp in Sources */,
				D0BDD2DD2065BD6700D7702E /* Window.cpp in Sources */,
				D0A44B73204D0EFE0097EC6B /* main.cpp in Sources */,
				D0BDD2D82065BD6700D7702E /* CollisionDetectionNP.cpp in Sources */,
				D0BDD2D92065BD6700D7702E /* OBJObject.cpp in Sources */,
				D0BDD2D62065BD6700D7702E /* GameEngine.cpp in Sources */,
			);
			runOnlyForDeploymentPostprocessing = 0;
		};
/* End PBXSourcesBuildPhase section */

/* Begin XCBuildConfiguration section */
		D0A44B74204D0EFE0097EC6B /* Debug */ = {
			isa = XCBuildConfiguration;
			buildSettings = {
				ALWAYS_SEARCH_USER_PATHS = NO;
				CLANG_ANALYZER_NONNULL = YES;
				CLANG_ANALYZER_NUMBER_OBJECT_CONVERSION = YES_AGGRESSIVE;
				CLANG_CXX_LANGUAGE_STANDARD = "gnu++14";
				CLANG_CXX_LIBRARY = "libc++";
				CLANG_ENABLE_MODULES = YES;
				CLANG_ENABLE_OBJC_ARC = YES;
				CLANG_WARN_BLOCK_CAPTURE_AUTORELEASING = YES;
				CLANG_WARN_BOOL_CONVERSION = YES;
				CLANG_WARN_COMMA = YES;
				CLANG_WARN_CONSTANT_CONVERSION = YES;
				CLANG_WARN_DIRECT_OBJC_ISA_USAGE = YES_ERROR;
				CLANG_WARN_DOCUMENTATION_COMMENTS = YES;
				CLANG_WARN_EMPTY_BODY = YES;
				CLANG_WARN_ENUM_CONVERSION = YES;
				CLANG_WARN_INFINITE_RECURSION = YES;
				CLANG_WARN_INT_CONVERSION = YES;
				CLANG_WARN_NON_LITERAL_NULL_CONVERSION = YES;
				CLANG_WARN_OBJC_LITERAL_CONVERSION = YES;
				CLANG_WARN_OBJC_ROOT_CLASS = YES_ERROR;
				CLANG_WARN_RANGE_LOOP_ANALYSIS = YES;
				CLANG_WARN_STRICT_PROTOTYPES = YES;
				CLANG_WARN_SUSPICIOUS_MOVE = YES;
				CLANG_WARN_UNGUARDED_AVAILABILITY = YES_AGGRESSIVE;
				CLANG_WARN_UNREACHABLE_CODE = YES;
				CLANG_WARN__DUPLICATE_METHOD_MATCH = YES;
				CODE_SIGN_IDENTITY = "-";
				COPY_PHASE_STRIP = NO;
				DEBUG_INFORMATION_FORMAT = dwarf;
				ENABLE_STRICT_OBJC_MSGSEND = YES;
				ENABLE_TESTABILITY = YES;
				GCC_C_LANGUAGE_STANDARD = gnu11;
				GCC_DYNAMIC_NO_PIC = NO;
				GCC_NO_COMMON_BLOCKS = YES;
				GCC_OPTIMIZATION_LEVEL = 0;
				GCC_PREPROCESSOR_DEFINITIONS = (
					"DEBUG=1",
					"$(inherited)",
				);
				GCC_WARN_64_TO_32_BIT_CONVERSION = YES;
				GCC_WARN_ABOUT_RETURN_TYPE = YES_ERROR;
				GCC_WARN_UNDECLARED_SELECTOR = YES;
				GCC_WARN_UNINITIALIZED_AUTOS = YES_AGGRESSIVE;
				GCC_WARN_UNUSED_FUNCTION = YES;
				GCC_WARN_UNUSED_VARIABLE = YES;
				MACOSX_DEPLOYMENT_TARGET = 10.13;
				MTL_ENABLE_DEBUG_INFO = YES;
				ONLY_ACTIVE_ARCH = YES;
				SDKROOT = macosx;
			};
			name = Debug;
		};
		D0A44B75204D0EFE0097EC6B /* Release */ = {
			isa = XCBuildConfiguration;
			buildSettings = {
				ALWAYS_SEARCH_USER_PATHS = NO;
				CLANG_ANALYZER_NONNULL = YES;
				CLANG_ANALYZER_NUMBER_OBJECT_CONVERSION = YES_AGGRESSIVE;
				CLANG_CXX_LANGUAGE_STANDARD = "gnu++14";
				CLANG_CXX_LIBRARY = "libc++";
				CLANG_ENABLE_MODULES = YES;
				CLANG_ENABLE_OBJC_ARC = YES;
				CLANG_WARN_BLOCK_CAPTURE_AUTORELEASING = YES;
				CLANG_WARN_BOOL_CONVERSION = YES;
				CLANG_WARN_COMMA = YES;
				CLANG_WARN_CONSTANT_CONVERSION = YES;
				CLANG_WARN_DIRECT_OBJC_ISA_USAGE = YES_ERROR;
				CLANG_WARN_DOCUMENTATION_COMMENTS = YES;
				CLANG_WARN_EMPTY_BODY = YES;
				CLANG_WARN_ENUM_CONVERSION = YES;
				CLANG_WARN_INFINITE_RECURSION = YES;
				CLANG_WARN_INT_CONVERSION = YES;
				CLANG_WARN_NON_LITERAL_NULL_CONVERSION = YES;
				CLANG_WARN_OBJC_LITERAL_CONVERSION = YES;
				CLANG_WARN_OBJC_ROOT_CLASS = YES_ERROR;
				CLANG_WARN_RANGE_LOOP_ANALYSIS = YES;
				CLANG_WARN_STRICT_PROTOTYPES = YES;
				CLANG_WARN_SUSPICIOUS_MOVE = YES;
				CLANG_WARN_UNGUARDED_AVAILABILITY = YES_AGGRESSIVE;
				CLANG_WARN_UNREACHABLE_CODE = YES;
				CLANG_WARN__DUPLICATE_METHOD_MATCH = YES;
				CODE_SIGN_IDENTITY = "-";
				COPY_PHASE_STRIP = NO;
				DEBUG_INFORMATION_FORMAT = "dwarf-with-dsym";
				ENABLE_NS_ASSERTIONS = NO;
				ENABLE_STRICT_OBJC_MSGSEND = YES;
				GCC_C_LANGUAGE_STANDARD = gnu11;
				GCC_NO_COMMON_BLOCKS = YES;
				GCC_WARN_64_TO_32_BIT_CONVERSION = YES;
				GCC_WARN_ABOUT_RETURN_TYPE = YES_ERROR;
				GCC_WARN_UNDECLARED_SELECTOR = YES;
				GCC_WARN_UNINITIALIZED_AUTOS = YES_AGGRESSIVE;
				GCC_WARN_UNUSED_FUNCTION = YES;
				GCC_WARN_UNUSED_VARIABLE = YES;
				MACOSX_DEPLOYMENT_TARGET = 10.13;
				MTL_ENABLE_DEBUG_INFO = NO;
				SDKROOT = macosx;
			};
			name = Release;
		};
		D0A44B77204D0EFE0097EC6B /* Debug */ = {
			isa = XCBuildConfiguration;
			buildSettings = {
				CODE_SIGN_STYLE = Automatic;
				HEADER_SEARCH_PATHS = (
					/usr/local/Cellar/glm/0.9.8.5/include,
					/usr/local/Cellar/glfw/3.2.1/include,
				);
				LIBRARY_SEARCH_PATHS = /usr/local/Cellar/glfw/3.2.1/lib;
				PRODUCT_NAME = "$(TARGET_NAME)";
			};
			name = Debug;
		};
		D0A44B78204D0EFE0097EC6B /* Release */ = {
			isa = XCBuildConfiguration;
			buildSettings = {
				CODE_SIGN_STYLE = Automatic;
				HEADER_SEARCH_PATHS = (
					/usr/local/Cellar/glm/0.9.8.5/include,
					/usr/local/Cellar/glfw/3.2.1/include,
				);
				LIBRARY_SEARCH_PATHS = /usr/local/Cellar/glfw/3.2.1/lib;
				PRODUCT_NAME = "$(TARGET_NAME)";
			};
			name = Release;
		};
/* End XCBuildConfiguration section */

/* Begin XCConfigurationList section */
		D0A44B6A204D0EFE0097EC6B /* Build configuration list for PBXProject "BumperCarSimulation" */ = {
			isa = XCConfigurationList;
			buildConfigurations = (
				D0A44B74204D0EFE0097EC6B /* Debug */,
				D0A44B75204D0EFE0097EC6B /* Release */,
			);
			defaultConfigurationIsVisible = 0;
			defaultConfigurationName = Release;
		};
		D0A44B76204D0EFE0097EC6B /* Build configuration list for PBXNativeTarget "BumperCarSimulation" */ = {
			isa = XCConfigurationList;
			buildConfigurations = (
				D0A44B77204D0EFE0097EC6B /* Debug */,
				D0A44B78204D0EFE0097EC6B /* Release */,
			);
			defaultConfigurationIsVisible = 0;
			defaultConfigurationName = Release;
		};
/* End XCConfigurationList section */
	};
	rootObject = D0A44B67204D0EFE0097EC6B /* Project object */;
}
